{
    "name": "node-red-contrib-flat",
    "version": "0.0.1",
    "lockfileVersion": 1,
    "dependencies": {
        "flat": {
            "version": "4.0.0",
            "resolved": "https://registry.npmjs.org/flat/-/flat-4.0.0.tgz",
            "integrity": "sha512-ji/WMv2jdsE+LaznpkIF9Haax0sdpTBozrz/Dtg4qSRMfbs8oVg4ypJunIRYPiMLvH/ed6OflXbnbTIKJhtgeg=="
        },
        "is-buffer": {
            "version": "1.1.5",
            "resolved": "https://registry.npmjs.org/is-buffer/-/is-buffer-1.1.5.tgz",
            "integrity": "sha1-Hzsm72E7IUuIy8ojzGwB2Hlh7sw="
        }
    }
}
